
Microsoft Visual Studio Solution File, Format Version 12.00
# Visual Studio Version 16
VisualStudioVersion = 16.0.30001.183
MinimumVisualStudioVersion = 10.0.40219.1
Project("{9A19103F-16F7-4668-BE54-9A1E7A4F7556}") = "CommunityCenter.CM.Models", "CommunityCenter.Models\CommunityCenter.CM.Models.csproj", "{042A5ADE-E541-4E62-A5AA-1CDEA48B251C}"
EndProject
Project("{9A19103F-16F7-4668-BE54-9A1E7A4F7556}") = "CommunityCenter.CM.Client", "CommunityCenter.CM.Client\CommunityCenter.CM.Client.csproj", "{2AA6EE79-E2C8-449B-BEC1-31056B512979}"
EndProject
Project("{9A19103F-16F7-4668-BE54-9A1E7A4F7556}") = "CommunityCenter.UI", "CommunityCenter.UI\CommunityCenter.UI.csproj", "{8FC648E1-8DBF-4A19-AF04-795020331989}"
EndProject
Project("{9A19103F-16F7-4668-BE54-9A1E7A4F7556}") = "CommunityCenter.User", "CommunityCenter.User\CommunityCenter.User.csproj", "{1C4C57C1-C05B-44D9-BD7C-EC6758C97BB0}"
EndProject
Project("{9A19103F-16F7-4668-BE54-9A1E7A4F7556}") = "CommunityCenter.CM.DB", "CommunityCenter.CM.DB\CommunityCenter.CM.DB.csproj", "{0A105960-D6CA-461B-9D02-EFDF37166C2A}"
EndProject
Global
	GlobalSection(SolutionConfigurationPlatforms) = preSolution
		Debug|Any CPU = Debug|Any CPU
		Release|Any CPU = Release|Any CPU
	EndGlobalSection
	GlobalSection(ProjectConfigurationPlatforms) = postSolution
		{042A5ADE-E541-4E62-A5AA-1CDEA48B251C}.Debug|Any CPU.ActiveCfg = Debug|Any CPU
		{042A5ADE-E541-4E62-A5AA-1CDEA48B251C}.Debug|Any CPU.Build.0 = Debug|Any CPU
		{042A5ADE-E541-4E62-A5AA-1CDEA48B251C}.Release|Any CPU.ActiveCfg = Release|Any CPU
		{042A5ADE-E541-4E62-A5AA-1CDEA48B251C}.Release|Any CPU.Build.0 = Release|Any CPU
		{2AA6EE79-E2C8-449B-BEC1-31056B512979}.Debug|Any CPU.ActiveCfg = Debug|Any CPU
		{2AA6EE79-E2C8-449B-BEC1-31056B512979}.Debug|Any CPU.Build.0 = Debug|Any CPU
		{2AA6EE79-E2C8-449B-BEC1-31056B512979}.Release|Any CPU.ActiveCfg = Release|Any CPU
		{2AA6EE79-E2C8-449B-BEC1-31056B512979}.Release|Any CPU.Build.0 = Release|Any CPU
		{8FC648E1-8DBF-4A19-AF04-795020331989}.Debug|Any CPU.ActiveCfg = Debug|Any CPU
		{8FC648E1-8DBF-4A19-AF04-795020331989}.Debug|Any CPU.Build.0 = Debug|Any CPU
		{8FC648E1-8DBF-4A19-AF04-795020331989}.Release|Any CPU.ActiveCfg = Release|Any CPU
		{8FC648E1-8DBF-4A19-AF04-795020331989}.Release|Any CPU.Build.0 = Release|Any CPU
		{1C4C57C1-C05B-44D9-BD7C-EC6758C97BB0}.Debug|Any CPU.ActiveCfg = Debug|Any CPU
		{1C4C57C1-C05B-44D9-BD7C-EC6758C97BB0}.Debug|Any CPU.Build.0 = Debug|Any CPU
		{1C4C57C1-C05B-44D9-BD7C-EC6758C97BB0}.Release|Any CPU.ActiveCfg = Release|Any CPU
		{1C4C57C1-C05B-44D9-BD7C-EC6758C97BB0}.Release|Any CPU.Build.0 = Release|Any CPU
		{0A105960-D6CA-461B-9D02-EFDF37166C2A}.Debug|Any CPU.ActiveCfg = Debug|Any CPU
		{0A105960-D6CA-461B-9D02-EFDF37166C2A}.Debug|Any CPU.Build.0 = Debug|Any CPU
		{0A105960-D6CA-461B-9D02-EFDF37166C2A}.Release|Any CPU.ActiveCfg = Release|Any CPU
		{0A105960-D6CA-461B-9D02-EFDF37166C2A}.Release|Any CPU.Build.0 = Release|Any CPU
	EndGlobalSection
	GlobalSection(SolutionProperties) = preSolution
		HideSolutionNode = FALSE
	EndGlobalSection
	GlobalSection(ExtensibilityGlobals) = postSolution
		SolutionGuid = {764DF1EF-AF5E-4C80-A747-06E2A40938DE}
	EndGlobalSection
EndGlobal
